// !$*UTF8*$!
{
	archiveVersion = 1;
	classes = {
	};
	objectVersion = 56;
	objects = {

/* Begin PBXBuildFile section */
		C78BD47A2C9B0696001E9E49 /* ViewController.swift in Sources */ = {isa = PBXBuildFile; fileRef = C78BD4782C9B0696001E9E49 /* ViewController.swift */; };
		C78BD47D2C9B0929001E9E49 /* GameState.swift in Sources */ = {isa = PBXBuildFile; fileRef = C78BD47C2C9B091E001E9E49 /* GameState.swift */; };
		C78BD47F2C9B093D001E9E49 /* PuyoView.swift in Sources */ = {isa = PBXBuildFile; fileRef = C78BD47E2C9B0936001E9E49 /* PuyoView.swift */; };
		C78BD4812C9B0959001E9E49 /* NextPuyoView.swift in Sources */ = {isa = PBXBuildFile; fileRef = C78BD4802C9B0943001E9E49 /* NextPuyoView.swift */; };
		C7D4D9652C8F2B870038BC5E /* puyoSimulatorApp.swift in Sources */ = {isa = PBXBuildFile; fileRef = C7D4D9642C8F2B870038BC5E /* puyoSimulatorApp.swift */; };
		C7D4D9672C8F2B870038BC5E /* ContentView.swift in Sources */ = {isa = PBXBuildFile; fileRef = C7D4D9662C8F2B870038BC5E /* ContentView.swift */; };
		C7D4D9692C8F2B890038BC5E /* Assets.xcassets in Resources */ = {isa = PBXBuildFile; fileRef = C7D4D9682C8F2B890038BC5E /* Assets.xcassets */; };
		C7D4D96C2C8F2B890038BC5E /* Preview Assets.xcassets in Resources */ = {isa = PBXBuildFile; fileRef = C7D4D96B2C8F2B890038BC5E /* Preview Assets.xcassets */; };
/* End PBXBuildFile section */

/* Begin PBXFileReference section */
		C78BD4782C9B0696001E9E49 /* ViewController.swift */ = {isa = PBXFileReference; lastKnownFileType = sourcecode.swift; path = ViewController.swift; sourceTree = "<group>"; };
		C78BD47C2C9B091E001E9E49 /* GameState.swift */ = {isa = PBXFileReference; lastKnownFileType = sourcecode.swift; path = GameState.swift; sourceTree = "<group>"; };
		C78BD47E2C9B0936001E9E49 /* PuyoView.swift */ = {isa = PBXFileReference; lastKnownFileType = sourcecode.swift; path = PuyoView.swift; sourceTree = "<group>"; };
		C78BD4802C9B0943001E9E49 /* NextPuyoView.swift */ = {isa = PBXFileReference; lastKnownFileType = sourcecode.swift; path = NextPuyoView.swift; sourceTree = "<group>"; };
		C7D4D9612C8F2B870038BC5E /* puyoSimulator.app */ = {isa = PBXFileReference; explicitFileType = wrapper.application; includeInIndex = 0; path = puyoSimulator.app; sourceTree = BUILT_PRODUCTS_DIR; };
		C7D4D9642C8F2B870038BC5E /* puyoSimulatorApp.swift */ = {isa = PBXFileReference; lastKnownFileType = sourcecode.swift; path = puyoSimulatorApp.swift; sourceTree = "<group>"; };
		C7D4D9662C8F2B870038BC5E /* ContentView.swift */ = {isa = PBXFileReference; lastKnownFileType = sourcecode.swift; path = ContentView.swift; sourceTree = "<group>"; };
		C7D4D9682C8F2B890038BC5E /* Assets.xcassets */ = {isa = PBXFileReference; lastKnownFileType = folder.assetcatalog; path = Assets.xcassets; sourceTree = "<group>"; };
		C7D4D96B2C8F2B890038BC5E /* Preview Assets.xcassets */ = {isa = PBXFileReference; lastKnownFileType = folder.assetcatalog; path = "Preview Assets.xcassets"; sourceTree = "<group>"; };
/* End PBXFileReference section */

/* Begin PBXFrameworksBuildPhase section */
		C7D4D95E2C8F2B870038BC5E /* Frameworks */ = {
			isa = PBXFrameworksBuildPhase;
			buildActionMask = 2147483647;
			files = (
			);
			runOnlyForDeploymentPostprocessing = 0;
		};
/* End PBXFrameworksBuildPhase section */

/* Begin PBXGroup section */
		C78BD4772C9B0687001E9E49 /* Models */ = {
			isa = PBXGroup;
			children = (
				C78BD47C2C9B091E001E9E49 /* GameState.swift */,
			);
			path = Models;
			sourceTree = "<group>";
		};
		C78BD4792C9B0696001E9E49 /* Controllers */ = {
			isa = PBXGroup;
			children = (
				C78BD4782C9B0696001E9E49 /* ViewController.swift */,
			);
			path = Controllers;
			sourceTree = "<group>";
		};
		C78BD47B2C9B069C001E9E49 /* Views */ = {
			isa = PBXGroup;
			children = (
				C78BD4802C9B0943001E9E49 /* NextPuyoView.swift */,
				C78BD47E2C9B0936001E9E49 /* PuyoView.swift */,
			);
			path = Views;
			sourceTree = "<group>";
		};
		C7D4D9582C8F2B870038BC5E = {
			isa = PBXGroup;
			children = (
				C7D4D9632C8F2B870038BC5E /* puyoSimulator */,
				C7D4D9622C8F2B870038BC5E /* Products */,
			);
			sourceTree = "<group>";
		};
		C7D4D9622C8F2B870038BC5E /* Products */ = {
			isa = PBXGroup;
			children = (
				C7D4D9612C8F2B870038BC5E /* puyoSimulator.app */,
			);
			name = Products;
			sourceTree = "<group>";
		};
		C7D4D9632C8F2B870038BC5E /* puyoSimulator */ = {
			isa = PBXGroup;
			children = (
				C78BD47B2C9B069C001E9E49 /* Views */,
				C78BD4792C9B0696001E9E49 /* Controllers */,
				C78BD4772C9B0687001E9E49 /* Models */,
				C7D4D9642C8F2B870038BC5E /* puyoSimulatorApp.swift */,
				C7D4D9662C8F2B870038BC5E /* ContentView.swift */,
				C7D4D9682C8F2B890038BC5E /* Assets.xcassets */,
				C7D4D96A2C8F2B890038BC5E /* Preview Content */,
			);
			path = puyoSimulator;
			sourceTree = "<group>";
		};
		C7D4D96A2C8F2B890038BC5E /* Preview Content */ = {
			isa = PBXGroup;
			children = (
				C7D4D96B2C8F2B890038BC5E /* Preview Assets.xcassets */,
			);
			path = "Preview Content";
			sourceTree = "<group>";
		};
/* End PBXGroup section */

/* Begin PBXNativeTarget section */
		C7D4D9602C8F2B870038BC5E /* puyoSimulator */ = {
			isa = PBXNativeTarget;
			buildConfigurationList = C7D4D96F2C8F2B890038BC5E /* Build configuration list for PBXNativeTarget "puyoSimulator" */;
			buildPhases = (
				C7D4D95D2C8F2B870038BC5E /* Sources */,
				C7D4D95E2C8F2B870038BC5E /* Frameworks */,
				C7D4D95F2C8F2B870038BC5E /* Resources */,
			);
			buildRules = (
			);
			dependencies = (
			);
			name = puyoSimulator;
			productName = puyoSimulator;
			productReference = C7D4D9612C8F2B870038BC5E /* puyoSimulator.app */;
			productType = "com.apple.product-type.application";
		};
/* End PBXNativeTarget section */

/* Begin PBXProject section */
		C7D4D9592C8F2B870038BC5E /* Project object */ = {
			isa = PBXProject;
			attributes = {
				BuildIndependentTargetsInParallel = 1;
				LastSwiftUpdateCheck = 1540;
				LastUpgradeCheck = 1540;
				TargetAttributes = {
					C7D4D9602C8F2B870038BC5E = {
						CreatedOnToolsVersion = 15.4;
					};
				};
			};
			buildConfigurationList = C7D4D95C2C8F2B870038BC5E /* Build configuration list for PBXProject "puyoSimulator" */;
			compatibilityVersion = "Xcode 14.0";
			developmentRegion = en;
			hasScannedForEncodings = 0;
			knownRegions = (
				en,
				Base,
			);
			mainGroup = C7D4D9582C8F2B870038BC5E;
			productRefGroup = C7D4D9622C8F2B870038BC5E /* Products */;
			projectDirPath = "";
			projectRoot = "";
			targets = (
				C7D4D9602C8F2B870038BC5E /* puyoSimulator */,
			);
		};
/* End PBXProject section */

/* Begin PBXResourcesBuildPhase section */
		C7D4D95F2C8F2B870038BC5E /* Resources */ = {
			isa = PBXResourcesBuildPhase;
			buildActionMask = 2147483647;
			files = (
				C7D4D96C2C8F2B890038BC5E /* Preview Assets.xcassets in Resources */,
				C7D4D9692C8F2B890038BC5E /* Assets.xcassets in Resources */,
			);
			runOnlyForDeploymentPostprocessing = 0;
		};
/* End PBXResourcesBuildPhase section */

/* Begin PBXSourcesBuildPhase section */
		C7D4D95D2C8F2B870038BC5E /* Sources */ = {
			isa = PBXSourcesBuildPhase;
			buildActionMask = 2147483647;
			files = (
				C78BD47F2C9B093D001E9E49 /* PuyoView.swift in Sources */,
				C78BD47A2C9B0696001E9E49 /* ViewController.swift in Sources */,
				C78BD47D2C9B0929001E9E49 /* GameState.swift in Sources */,
				C7D4D9672C8F2B870038BC5E /* ContentView.swift in Sources */,
				C78BD4812C9B0959001E9E49 /* NextPuyoView.swift in Sources */,
				C7D4D9652C8F2B870038BC5E /* puyoSimulatorApp.swift in Sources */,
			);
			runOnlyForDeploymentPostprocessing = 0;
		};
/* End PBXSourcesBuildPhase section */

/* Begin XCBuildConfiguration section */
		C7D4D96D2C8F2B890038BC5E /* Debug */ = {
			isa = XCBuildConfiguration;
			buildSettings = {
				ALWAYS_SEARCH_USER_PATHS = NO;
				ASSETCATALOG_COMPILER_GENERATE_SWIFT_ASSET_SYMBOL_EXTENSIONS = YES;
				CLANG_ANALYZER_NONNULL = YES;
				CLANG_ANALYZER_NUMBER_OBJECT_CONVERSION = YES_AGGRESSIVE;
				CLANG_CXX_LANGUAGE_STANDARD = "gnu++20";
				CLANG_ENABLE_MODULES = YES;
				CLANG_ENABLE_OBJC_ARC = YES;
				CLANG_ENABLE_OBJC_WEAK = YES;
				CLANG_WARN_BLOCK_CAPTURE_AUTORELEASING = YES;
				CLANG_WARN_BOOL_CONVERSION = YES;
				CLANG_WARN_COMMA = YES;
				CLANG_WARN_CONSTANT_CONVERSION = YES;
				CLANG_WARN_DEPRECATED_OBJC_IMPLEMENTATIONS = YES;
				CLANG_WARN_DIRECT_OBJC_ISA_USAGE = YES_ERROR;
				CLANG_WARN_DOCUMENTATION_COMMENTS = YES;
				CLANG_WARN_EMPTY_BODY = YES;
				CLANG_WARN_ENUM_CONVERSION = YES;
				CLANG_WARN_INFINITE_RECURSION = YES;
				CLANG_WARN_INT_CONVERSION = YES;
				CLANG_WARN_NON_LITERAL_NULL_CONVERSION = YES;
				CLANG_WARN_OBJC_IMPLICIT_RETAIN_SELF = YES;
				CLANG_WARN_OBJC_LITERAL_CONVERSION = YES;
				CLANG_WARN_OBJC_ROOT_CLASS = YES_ERROR;
				CLANG_WARN_QUOTED_INCLUDE_IN_FRAMEWORK_HEADER = YES;
				CLANG_WARN_RANGE_LOOP_ANALYSIS = YES;
				CLANG_WARN_STRICT_PROTOTYPES = YES;
				CLANG_WARN_SUSPICIOUS_MOVE = YES;
				CLANG_WARN_UNGUARDED_AVAILABILITY = YES_AGGRESSIVE;
				CLANG_WARN_UNREACHABLE_CODE = YES;
				CLANG_WARN__DUPLICATE_METHOD_MATCH = YES;
				COPY_PHASE_STRIP = NO;
				DEBUG_INFORMATION_FORMAT = dwarf;
				ENABLE_STRICT_OBJC_MSGSEND = YES;
				ENABLE_TESTABILITY = YES;
				ENABLE_USER_SCRIPT_SANDBOXING = YES;
				GCC_C_LANGUAGE_STANDARD = gnu17;
				GCC_DYNAMIC_NO_PIC = NO;
				GCC_NO_COMMON_BLOCKS = YES;
				GCC_OPTIMIZATION_LEVEL = 0;
				GCC_PREPROCESSOR_DEFINITIONS = (
					"DEBUG=1",
					"$(inherited)",
				);
				GCC_WARN_64_TO_32_BIT_CONVERSION = YES;
				GCC_WARN_ABOUT_RETURN_TYPE = YES_ERROR;
				GCC_WARN_UNDECLARED_SELECTOR = YES;
				GCC_WARN_UNINITIALIZED_AUTOS = YES_AGGRESSIVE;
				GCC_WARN_UNUSED_FUNCTION = YES;
				GCC_WARN_UNUSED_VARIABLE = YES;
				IPHONEOS_DEPLOYMENT_TARGET = 17.5;
				LOCALIZATION_PREFERS_STRING_CATALOGS = YES;
				MTL_ENABLE_DEBUG_INFO = INCLUDE_SOURCE;
				MTL_FAST_MATH = YES;
				ONLY_ACTIVE_ARCH = YES;
				SDKROOT = iphoneos;
				SWIFT_ACTIVE_COMPILATION_CONDITIONS = "DEBUG $(inherited)";
				SWIFT_OPTIMIZATION_LEVEL = "-Onone";
			};
			name = Debug;
		};
		C7D4D96E2C8F2B890038BC5E /* Release */ = {
			isa = XCBuildConfiguration;
			buildSettings = {
				ALWAYS_SEARCH_USER_PATHS = NO;
				ASSETCATALOG_COMPILER_GENERATE_SWIFT_ASSET_SYMBOL_EXTENSIONS = YES;
				CLANG_ANALYZER_NONNULL = YES;
				CLANG_ANALYZER_NUMBER_OBJECT_CONVERSION = YES_AGGRESSIVE;
				CLANG_CXX_LANGUAGE_STANDARD = "gnu++20";
				CLANG_ENABLE_MODULES = YES;
				CLANG_ENABLE_OBJC_ARC = YES;
				CLANG_ENABLE_OBJC_WEAK = YES;
				CLANG_WARN_BLOCK_CAPTURE_AUTORELEASING = YES;
				CLANG_WARN_BOOL_CONVERSION = YES;
				CLANG_WARN_COMMA = YES;
				CLANG_WARN_CONSTANT_CONVERSION = YES;
				CLANG_WARN_DEPRECATED_OBJC_IMPLEMENTATIONS = YES;
				CLANG_WARN_DIRECT_OBJC_ISA_USAGE = YES_ERROR;
				CLANG_WARN_DOCUMENTATION_COMMENTS = YES;
				CLANG_WARN_EMPTY_BODY = YES;
				CLANG_WARN_ENUM_CONVERSION = YES;
				CLANG_WARN_INFINITE_RECURSION = YES;
				CLANG_WARN_INT_CONVERSION = YES;
				CLANG_WARN_NON_LITERAL_NULL_CONVERSION = YES;
				CLANG_WARN_OBJC_IMPLICIT_RETAIN_SELF = YES;
				CLANG_WARN_OBJC_LITERAL_CONVERSION = YES;
				CLANG_WARN_OBJC_ROOT_CLASS = YES_ERROR;
				CLANG_WARN_QUOTED_INCLUDE_IN_FRAMEWORK_HEADER = YES;
				CLANG_WARN_RANGE_LOOP_ANALYSIS = YES;
				CLANG_WARN_STRICT_PROTOTYPES = YES;
				CLANG_WARN_SUSPICIOUS_MOVE = YES;
				CLANG_WARN_UNGUARDED_AVAILABILITY = YES_AGGRESSIVE;
				CLANG_WARN_UNREACHABLE_CODE = YES;
				CLANG_WARN__DUPLICATE_METHOD_MATCH = YES;
				COPY_PHASE_STRIP = NO;
				DEBUG_INFORMATION_FORMAT = "dwarf-with-dsym";
				ENABLE_NS_ASSERTIONS = NO;
				ENABLE_STRICT_OBJC_MSGSEND = YES;
				ENABLE_USER_SCRIPT_SANDBOXING = YES;
				GCC_C_LANGUAGE_STANDARD = gnu17;
				GCC_NO_COMMON_BLOCKS = YES;
				GCC_WARN_64_TO_32_BIT_CONVERSION = YES;
				GCC_WARN_ABOUT_RETURN_TYPE = YES_ERROR;
				GCC_WARN_UNDECLARED_SELECTOR = YES;
				GCC_WARN_UNINITIALIZED_AUTOS = YES_AGGRESSIVE;
				GCC_WARN_UNUSED_FUNCTION = YES;
				GCC_WARN_UNUSED_VARIABLE = YES;
				IPHONEOS_DEPLOYMENT_TARGET = 17.5;
				LOCALIZATION_PREFERS_STRING_CATALOGS = YES;
				MTL_ENABLE_DEBUG_INFO = NO;
				MTL_FAST_MATH = YES;
				SDKROOT = iphoneos;
				SWIFT_COMPILATION_MODE = wholemodule;
				VALIDATE_PRODUCT = YES;
			};
			name = Release;
		};
		C7D4D9702C8F2B890038BC5E /* Debug */ = {
			isa = XCBuildConfiguration;
			buildSettings = {
				ASSETCATALOG_COMPILER_APPICON_NAME = AppIcon;
				ASSETCATALOG_COMPILER_GLOBAL_ACCENT_COLOR_NAME = AccentColor;
				CODE_SIGN_STYLE = Automatic;
				CURRENT_PROJECT_VERSION = 1;
				DEVELOPMENT_ASSET_PATHS = "\"puyoSimulator/Preview Content\"";
				DEVELOPMENT_TEAM = Z3566T3Y9M;
				ENABLE_PREVIEWS = YES;
				GENERATE_INFOPLIST_FILE = YES;
				INFOPLIST_KEY_UIApplicationSceneManifest_Generation = YES;
				INFOPLIST_KEY_UIApplicationSupportsIndirectInputEvents = YES;
				INFOPLIST_KEY_UILaunchScreen_Generation = YES;
				INFOPLIST_KEY_UISupportedInterfaceOrientations_iPad = "UIInterfaceOrientationPortrait UIInterfaceOrientationPortraitUpsideDown UIInterfaceOrientationLandscapeLeft UIInterfaceOrientationLandscapeRight";
				INFOPLIST_KEY_UISupportedInterfaceOrientations_iPhone = "UIInterfaceOrientationPortrait UIInterfaceOrientationLandscapeLeft UIInterfaceOrientationLandscapeRight";
				LD_RUNPATH_SEARCH_PATHS = (
					"$(inherited)",
					"@executable_path/Frameworks",
				);
				MARKETING_VERSION = 1.0;
				PRODUCT_BUNDLE_IDENTIFIER = "g-katsuki.com.github.puyoSimulator";
				PRODUCT_NAME = "$(TARGET_NAME)";
				SWIFT_EMIT_LOC_STRINGS = YES;
				SWIFT_VERSION = 5.0;
				TARGETED_DEVICE_FAMILY = "1,2";
			};
			name = Debug;
		};
		C7D4D9712C8F2B890038BC5E /* Release */ = {
			isa = XCBuildConfiguration;
			buildSettings = {
				ASSETCATALOG_COMPILER_APPICON_NAME = AppIcon;
				ASSETCATALOG_COMPILER_GLOBAL_ACCENT_COLOR_NAME = AccentColor;
				CODE_SIGN_STYLE = Automatic;
				CURRENT_PROJECT_VERSION = 1;
				DEVELOPMENT_ASSET_PATHS = "\"puyoSimulator/Preview Content\"";
				DEVELOPMENT_TEAM = Z3566T3Y9M;
				ENABLE_PREVIEWS = YES;
				GENERATE_INFOPLIST_FILE = YES;
				INFOPLIST_KEY_UIApplicationSceneManifest_Generation = YES;
				INFOPLIST_KEY_UIApplicationSupportsIndirectInputEvents = YES;
				INFOPLIST_KEY_UILaunchScreen_Generation = YES;
				INFOPLIST_KEY_UISupportedInterfaceOrientations_iPad = "UIInterfaceOrientationPortrait UIInterfaceOrientationPortraitUpsideDown UIInterfaceOrientationLandscapeLeft UIInterfaceOrientationLandscapeRight";
				INFOPLIST_KEY_UISupportedInterfaceOrientations_iPhone = "UIInterfaceOrientationPortrait UIInterfaceOrientationLandscapeLeft UIInterfaceOrientationLandscapeRight";
				LD_RUNPATH_SEARCH_PATHS = (
					"$(inherited)",
					"@executable_path/Frameworks",
				);
				MARKETING_VERSION = 1.0;
				PRODUCT_BUNDLE_IDENTIFIER = "g-katsuki.com.github.puyoSimulator";
				PRODUCT_NAME = "$(TARGET_NAME)";
				SWIFT_EMIT_LOC_STRINGS = YES;
				SWIFT_VERSION = 5.0;
				TARGETED_DEVICE_FAMILY = "1,2";
			};
			name = Release;
		};
/* End XCBuildConfiguration section */

/* Begin XCConfigurationList section */
		C7D4D95C2C8F2B870038BC5E /* Build configuration list for PBXProject "puyoSimulator" */ = {
			isa = XCConfigurationList;
			buildConfigurations = (
				C7D4D96D2C8F2B890038BC5E /* Debug */,
				C7D4D96E2C8F2B890038BC5E /* Release */,
			);
			defaultConfigurationIsVisible = 0;
			defaultConfigurationName = Release;
		};
		C7D4D96F2C8F2B890038BC5E /* Build configuration list for PBXNativeTarget "puyoSimulator" */ = {
			isa = XCConfigurationList;
			buildConfigurations = (
				C7D4D9702C8F2B890038BC5E /* Debug */,
				C7D4D9712C8F2B890038BC5E /* Release */,
			);
			defaultConfigurationIsVisible = 0;
			defaultConfigurationName = Release;
		};
/* End XCConfigurationList section */
	};
	rootObject = C7D4D9592C8F2B870038BC5E /* Project object */;
}
